
Microsoft Visual Studio Solution File, Format Version 12.00
# Visual Studio Express 2013 for Windows
VisualStudioVersion = 12.0.30723.0
MinimumVisualStudioVersion = 10.0.40219.1
Project("{2150E333-8FDC-42A3-9474-1A3956D46DE8}") = "OgvRT", "OgvRT", "{67EF0FFA-F44E-4932-AED3-2D49B7FB6513}"
EndProject
Project("{8BC9CEB8-8B4A-11D0-8D11-00A0C91BC942}") = "OgvRT.Shared", "OgvRT\OgvRT.Shared\OgvRT.Shared.vcxitems", "{1C2C119E-85A0-4A6D-A613-B692C2138DCE}"
EndProject
Project("{8BC9CEB8-8B4A-11D0-8D11-00A0C91BC942}") = "OgvRT.Windows", "OgvRT\OgvRT.Windows\OgvRT.Windows.vcxproj", "{0F9AC104-46A7-4CB3-832F-E140CFC3DB00}"
	ProjectSection(ProjectDependencies) = postProject
		{15CBFEFF-7965-41F5-B4E2-21E8795C9159} = {15CBFEFF-7965-41F5-B4E2-21E8795C9159}
	EndProjectSection
EndProject
Project("{8BC9CEB8-8B4A-11D0-8D11-00A0C91BC942}") = "OgvRT.WindowsPhone", "OgvRT\OgvRT.WindowsPhone\OgvRT.WindowsPhone.vcxproj", "{BAE17AF7-FC01-4879-B028-CC012774B68B}"
EndProject
Project("{2150E333-8FDC-42A3-9474-1A3956D46DE8}") = "Libraries", "Libraries", "{CFF6A4E0-F704-4547-A9DA-6027251D4982}"
EndProject
Project("{8BC9CEB8-8B4A-11D0-8D11-00A0C91BC942}") = "libogg.Windows", "..\libogg\winrt\VS2013\libogg.Windows\libogg.Windows.vcxproj", "{15CBFEFF-7965-41F5-B4E2-21E8795C9159}"
EndProject
Project("{8BC9CEB8-8B4A-11D0-8D11-00A0C91BC942}") = "libvorbis.Windows", "..\libvorbis\winrt\VS2013\libvorbis.Windows\libvorbis.Windows.vcxproj", "{3A214E06-B95E-4D61-A291-1F8DF2EC10FD}"
	ProjectSection(ProjectDependencies) = postProject
		{15CBFEFF-7965-41F5-B4E2-21E8795C9159} = {15CBFEFF-7965-41F5-B4E2-21E8795C9159}
	EndProjectSection
EndProject
Project("{8BC9CEB8-8B4A-11D0-8D11-00A0C91BC942}") = "libvorbis.WindowsPhone", "..\libvorbis\winrt\VS2013\libvorbis.WindowsPhone\libvorbis.WindowsPhone.vcxproj", "{9C660B0E-B497-4F71-8FAA-F2543A3DF617}"
	ProjectSection(ProjectDependencies) = postProject
		{E1FBE4B1-56AD-4FE0-963E-9A599E842E79} = {E1FBE4B1-56AD-4FE0-963E-9A599E842E79}
	EndProjectSection
EndProject
Project("{8BC9CEB8-8B4A-11D0-8D11-00A0C91BC942}") = "libtheora.Windows", "..\libtheora\winrt\VS2013\libtheora.Windows\libtheora.Windows.vcxproj", "{653F3841-3F26-49B9-AFCF-091DB4B67031}"
	ProjectSection(ProjectDependencies) = postProject
		{15CBFEFF-7965-41F5-B4E2-21E8795C9159} = {15CBFEFF-7965-41F5-B4E2-21E8795C9159}
	EndProjectSection
EndProject
Project("{8BC9CEB8-8B4A-11D0-8D11-00A0C91BC942}") = "libtheora.WindowsPhone", "..\libtheora\winrt\VS2013\libtheora.WindowsPhone\libtheora.WindowsPhone.vcxproj", "{CA2978D4-286A-4AAB-94F6-F020F231625C}"
	ProjectSection(ProjectDependencies) = postProject
		{E1FBE4B1-56AD-4FE0-963E-9A599E842E79} = {E1FBE4B1-56AD-4FE0-963E-9A599E842E79}
	EndProjectSection
EndProject
Project("{8BC9CEB8-8B4A-11D0-8D11-00A0C91BC942}") = "libogg.WindowsPhone", "..\libogg\winrt\VS2013\libogg.WindowsPhone\libogg.WindowsPhone.vcxproj", "{E1FBE4B1-56AD-4FE0-963E-9A599E842E79}"
EndProject
Project("{2150E333-8FDC-42A3-9474-1A3956D46DE8}") = "OgvMF", "OgvMF", "{032EEA00-F5C1-415D-9FFC-214A16F9345A}"
EndProject
Project("{8BC9CEB8-8B4A-11D0-8D11-00A0C91BC942}") = "OgvMF.Shared", "..\OgvMF\OgvMF.Shared\OgvMF.Shared.vcxitems", "{EC6BDD17-88BC-4886-8C0B-30A4EBAA1D02}"
EndProject
Project("{8BC9CEB8-8B4A-11D0-8D11-00A0C91BC942}") = "OgvMF.Windows", "..\OgvMF\OgvMF.Windows\OgvMF.Windows.vcxproj", "{3A463D9E-A4C3-4D7E-BB18-62AD0E55DAAF}"
EndProject
Project("{8BC9CEB8-8B4A-11D0-8D11-00A0C91BC942}") = "OgvMF.WindowsPhone", "..\OgvMF\OgvMF.WindowsPhone\OgvMF.WindowsPhone.vcxproj", "{29C85EC4-C331-4B45-8D80-64E0C6AD87C8}"
EndProject
Project("{2150E333-8FDC-42A3-9474-1A3956D46DE8}") = "OgvPlayerDemo", "OgvPlayerDemo", "{EB5EACC3-CD48-49C8-A9C5-0DEC7DD96B9B}"
EndProject
Project("{D954291E-2A0B-460D-934E-DC6B0785DB48}") = "OgvPlayerDemo.Shared", "OgvPlayerDemo\OgvPlayerDemo.Shared\OgvPlayerDemo.Shared.shproj", "{A6BDC376-0CFB-4C2E-9B0D-FCE439B5B20B}"
EndProject
Project("{262852C6-CD72-467D-83FE-5EEB1973A190}") = "OgvPlayerDemo.Windows", "OgvPlayerDemo\OgvPlayerDemo.Windows\OgvPlayerDemo.Windows.jsproj", "{D2A58065-FCDE-43DF-A73A-C2C2EF1F6848}"
EndProject
Project("{262852C6-CD72-467D-83FE-5EEB1973A190}") = "OgvPlayerDemo.WindowsPhone", "OgvPlayerDemo\OgvPlayerDemo.WindowsPhone\OgvPlayerDemo.WindowsPhone.jsproj", "{8C362C66-5D90-44D8-910F-F979EE93ED89}"
EndProject
Global
	GlobalSection(SharedMSBuildProjectFiles) = preSolution
		OgvRT\OgvRT.Shared\OgvRT.Shared.vcxitems*{bae17af7-fc01-4879-b028-cc012774b68b}*SharedItemsImports = 4
		..\OgvMF\OgvMF.Shared\OgvMF.Shared.vcxitems*{29c85ec4-c331-4b45-8d80-64e0c6ad87c8}*SharedItemsImports = 4
		..\libvorbis\winrt\VS2013\libvorbis.Shared\libvorbis.Shared.vcxitems*{3a214e06-b95e-4d61-a291-1f8df2ec10fd}*SharedItemsImports = 4
		OgvRT\OgvRT.Shared\OgvRT.Shared.vcxitems*{0f9ac104-46a7-4cb3-832f-e140cfc3db00}*SharedItemsImports = 4
		..\libvorbis\winrt\VS2013\libvorbis.Shared\libvorbis.Shared.vcxitems*{9c660b0e-b497-4f71-8faa-f2543a3df617}*SharedItemsImports = 4
		OgvPlayerDemo\OgvPlayerDemo.Shared\OgvPlayerDemo.Shared.projitems*{d2a58065-fcde-43df-a73a-c2c2ef1f6848}*SharedItemsImports = 5
		..\OgvMF\OgvMF.Shared\OgvMF.Shared.vcxitems*{3a463d9e-a4c3-4d7e-bb18-62ad0e55daaf}*SharedItemsImports = 4
		..\libtheora\winrt\VS2013\libtheora.Shared\libtheora.Shared.vcxitems*{ca2978d4-286a-4aab-94f6-f020f231625c}*SharedItemsImports = 4
		OgvPlayerDemo\OgvPlayerDemo.Shared\OgvPlayerDemo.Shared.projitems*{8c362c66-5d90-44d8-910f-f979ee93ed89}*SharedItemsImports = 5
		..\libogg\winrt\VS2013\libogg.Shared\libogg.Shared.vcxitems*{e1fbe4b1-56ad-4fe0-963e-9a599e842e79}*SharedItemsImports = 4
		OgvRT\OgvRT.Shared\OgvRT.Shared.vcxitems*{1c2c119e-85a0-4a6d-a613-b692c2138dce}*SharedItemsImports = 9
		..\libogg\winrt\VS2013\libogg.Shared\libogg.Shared.vcxitems*{15cbfeff-7965-41f5-b4e2-21e8795c9159}*SharedItemsImports = 4
		..\libtheora\winrt\VS2013\libtheora.Shared\libtheora.Shared.vcxitems*{653f3841-3f26-49b9-afcf-091db4b67031}*SharedItemsImports = 4
		..\OgvMF\OgvMF.Shared\OgvMF.Shared.vcxitems*{ec6bdd17-88bc-4886-8c0b-30a4ebaa1d02}*SharedItemsImports = 9
		OgvPlayerDemo\OgvPlayerDemo.Shared\OgvPlayerDemo.Shared.projitems*{a6bdc376-0cfb-4c2e-9b0d-fce439b5b20b}*SharedItemsImports = 13
	EndGlobalSection
	GlobalSection(SolutionConfigurationPlatforms) = preSolution
		Debug|Any CPU = Debug|Any CPU
		Debug|ARM = Debug|ARM
		Debug|Win32 = Debug|Win32
		Debug|x64 = Debug|x64
		Debug|x86 = Debug|x86
		Release|Any CPU = Release|Any CPU
		Release|ARM = Release|ARM
		Release|Win32 = Release|Win32
		Release|x64 = Release|x64
		Release|x86 = Release|x86
	EndGlobalSection
	GlobalSection(ProjectConfigurationPlatforms) = postSolution
		{0F9AC104-46A7-4CB3-832F-E140CFC3DB00}.Debug|Any CPU.ActiveCfg = Debug|Win32
		{0F9AC104-46A7-4CB3-832F-E140CFC3DB00}.Debug|ARM.ActiveCfg = Debug|ARM
		{0F9AC104-46A7-4CB3-832F-E140CFC3DB00}.Debug|ARM.Build.0 = Debug|ARM
		{0F9AC104-46A7-4CB3-832F-E140CFC3DB00}.Debug|ARM.Deploy.0 = Debug|ARM
		{0F9AC104-46A7-4CB3-832F-E140CFC3DB00}.Debug|Win32.ActiveCfg = Debug|Win32
		{0F9AC104-46A7-4CB3-832F-E140CFC3DB00}.Debug|Win32.Build.0 = Debug|Win32
		{0F9AC104-46A7-4CB3-832F-E140CFC3DB00}.Debug|Win32.Deploy.0 = Debug|Win32
		{0F9AC104-46A7-4CB3-832F-E140CFC3DB00}.Debug|x64.ActiveCfg = Debug|x64
		{0F9AC104-46A7-4CB3-832F-E140CFC3DB00}.Debug|x64.Build.0 = Debug|x64
		{0F9AC104-46A7-4CB3-832F-E140CFC3DB00}.Debug|x64.Deploy.0 = Debug|x64
		{0F9AC104-46A7-4CB3-832F-E140CFC3DB00}.Debug|x86.ActiveCfg = Debug|Win32
		{0F9AC104-46A7-4CB3-832F-E140CFC3DB00}.Debug|x86.Build.0 = Debug|Win32
		{0F9AC104-46A7-4CB3-832F-E140CFC3DB00}.Debug|x86.Deploy.0 = Debug|Win32
		{0F9AC104-46A7-4CB3-832F-E140CFC3DB00}.Release|Any CPU.ActiveCfg = Release|Win32
		{0F9AC104-46A7-4CB3-832F-E140CFC3DB00}.Release|ARM.ActiveCfg = Release|ARM
		{0F9AC104-46A7-4CB3-832F-E140CFC3DB00}.Release|ARM.Build.0 = Release|ARM
		{0F9AC104-46A7-4CB3-832F-E140CFC3DB00}.Release|ARM.Deploy.0 = Release|ARM
		{0F9AC104-46A7-4CB3-832F-E140CFC3DB00}.Release|Win32.ActiveCfg = Release|Win32
		{0F9AC104-46A7-4CB3-832F-E140CFC3DB00}.Release|Win32.Build.0 = Release|Win32
		{0F9AC104-46A7-4CB3-832F-E140CFC3DB00}.Release|Win32.Deploy.0 = Release|Win32
		{0F9AC104-46A7-4CB3-832F-E140CFC3DB00}.Release|x64.ActiveCfg = Release|x64
		{0F9AC104-46A7-4CB3-832F-E140CFC3DB00}.Release|x64.Build.0 = Release|x64
		{0F9AC104-46A7-4CB3-832F-E140CFC3DB00}.Release|x64.Deploy.0 = Release|x64
		{0F9AC104-46A7-4CB3-832F-E140CFC3DB00}.Release|x86.ActiveCfg = Release|Win32
		{0F9AC104-46A7-4CB3-832F-E140CFC3DB00}.Release|x86.Build.0 = Release|Win32
		{0F9AC104-46A7-4CB3-832F-E140CFC3DB00}.Release|x86.Deploy.0 = Release|Win32
		{BAE17AF7-FC01-4879-B028-CC012774B68B}.Debug|Any CPU.ActiveCfg = Debug|Win32
		{BAE17AF7-FC01-4879-B028-CC012774B68B}.Debug|ARM.ActiveCfg = Debug|ARM
		{BAE17AF7-FC01-4879-B028-CC012774B68B}.Debug|ARM.Build.0 = Debug|ARM
		{BAE17AF7-FC01-4879-B028-CC012774B68B}.Debug|ARM.Deploy.0 = Debug|ARM
		{BAE17AF7-FC01-4879-B028-CC012774B68B}.Debug|Win32.ActiveCfg = Debug|Win32
		{BAE17AF7-FC01-4879-B028-CC012774B68B}.Debug|Win32.Build.0 = Debug|Win32
		{BAE17AF7-FC01-4879-B028-CC012774B68B}.Debug|Win32.Deploy.0 = Debug|Win32
		{BAE17AF7-FC01-4879-B028-CC012774B68B}.Debug|x64.ActiveCfg = Debug|Win32
		{BAE17AF7-FC01-4879-B028-CC012774B68B}.Debug|x86.ActiveCfg = Debug|Win32
		{BAE17AF7-FC01-4879-B028-CC012774B68B}.Debug|x86.Build.0 = Debug|Win32
		{BAE17AF7-FC01-4879-B028-CC012774B68B}.Debug|x86.Deploy.0 = Debug|Win32
		{BAE17AF7-FC01-4879-B028-CC012774B68B}.Release|Any CPU.ActiveCfg = Release|Win32
		{BAE17AF7-FC01-4879-B028-CC012774B68B}.Release|ARM.ActiveCfg = Release|ARM
		{BAE17AF7-FC01-4879-B028-CC012774B68B}.Release|ARM.Build.0 = Release|ARM
		{BAE17AF7-FC01-4879-B028-CC012774B68B}.Release|ARM.Deploy.0 = Release|ARM
		{BAE17AF7-FC01-4879-B028-CC012774B68B}.Release|Win32.ActiveCfg = Release|Win32
		{BAE17AF7-FC01-4879-B028-CC012774B68B}.Release|Win32.Build.0 = Release|Win32
		{BAE17AF7-FC01-4879-B028-CC012774B68B}.Release|Win32.Deploy.0 = Release|Win32
		{BAE17AF7-FC01-4879-B028-CC012774B68B}.Release|x64.ActiveCfg = Release|Win32
		{BAE17AF7-FC01-4879-B028-CC012774B68B}.Release|x86.ActiveCfg = Release|Win32
		{BAE17AF7-FC01-4879-B028-CC012774B68B}.Release|x86.Build.0 = Release|Win32
		{BAE17AF7-FC01-4879-B028-CC012774B68B}.Release|x86.Deploy.0 = Release|Win32
		{15CBFEFF-7965-41F5-B4E2-21E8795C9159}.Debug|Any CPU.ActiveCfg = Debug|Win32
		{15CBFEFF-7965-41F5-B4E2-21E8795C9159}.Debug|ARM.ActiveCfg = Debug|ARM
		{15CBFEFF-7965-41F5-B4E2-21E8795C9159}.Debug|ARM.Build.0 = Debug|ARM
		{15CBFEFF-7965-41F5-B4E2-21E8795C9159}.Debug|Win32.ActiveCfg = Debug|Win32
		{15CBFEFF-7965-41F5-B4E2-21E8795C9159}.Debug|Win32.Build.0 = Debug|Win32
		{15CBFEFF-7965-41F5-B4E2-21E8795C9159}.Debug|x64.ActiveCfg = Debug|x64
		{15CBFEFF-7965-41F5-B4E2-21E8795C9159}.Debug|x64.Build.0 = Debug|x64
		{15CBFEFF-7965-41F5-B4E2-21E8795C9159}.Debug|x86.ActiveCfg = Debug|Win32
		{15CBFEFF-7965-41F5-B4E2-21E8795C9159}.Debug|x86.Build.0 = Debug|Win32
		{15CBFEFF-7965-41F5-B4E2-21E8795C9159}.Release|Any CPU.ActiveCfg = Release|Win32
		{15CBFEFF-7965-41F5-B4E2-21E8795C9159}.Release|ARM.ActiveCfg = Release|ARM
		{15CBFEFF-7965-41F5-B4E2-21E8795C9159}.Release|ARM.Build.0 = Release|ARM
		{15CBFEFF-7965-41F5-B4E2-21E8795C9159}.Release|Win32.ActiveCfg = Release|Win32
		{15CBFEFF-7965-41F5-B4E2-21E8795C9159}.Release|Win32.Build.0 = Release|Win32
		{15CBFEFF-7965-41F5-B4E2-21E8795C9159}.Release|x64.ActiveCfg = Release|x64
		{15CBFEFF-7965-41F5-B4E2-21E8795C9159}.Release|x64.Build.0 = Release|x64
		{15CBFEFF-7965-41F5-B4E2-21E8795C9159}.Release|x86.ActiveCfg = Release|Win32
		{15CBFEFF-7965-41F5-B4E2-21E8795C9159}.Release|x86.Build.0 = Release|Win32
		{3A214E06-B95E-4D61-A291-1F8DF2EC10FD}.Debug|Any CPU.ActiveCfg = Debug|Win32
		{3A214E06-B95E-4D61-A291-1F8DF2EC10FD}.Debug|ARM.ActiveCfg = Debug|ARM
		{3A214E06-B95E-4D61-A291-1F8DF2EC10FD}.Debug|ARM.Build.0 = Debug|ARM
		{3A214E06-B95E-4D61-A291-1F8DF2EC10FD}.Debug|Win32.ActiveCfg = Debug|Win32
		{3A214E06-B95E-4D61-A291-1F8DF2EC10FD}.Debug|Win32.Build.0 = Debug|Win32
		{3A214E06-B95E-4D61-A291-1F8DF2EC10FD}.Debug|x64.ActiveCfg = Debug|x64
		{3A214E06-B95E-4D61-A291-1F8DF2EC10FD}.Debug|x64.Build.0 = Debug|x64
		{3A214E06-B95E-4D61-A291-1F8DF2EC10FD}.Debug|x86.ActiveCfg = Debug|Win32
		{3A214E06-B95E-4D61-A291-1F8DF2EC10FD}.Debug|x86.Build.0 = Debug|Win32
		{3A214E06-B95E-4D61-A291-1F8DF2EC10FD}.Release|Any CPU.ActiveCfg = Release|Win32
		{3A214E06-B95E-4D61-A291-1F8DF2EC10FD}.Release|ARM.ActiveCfg = Release|ARM
		{3A214E06-B95E-4D61-A291-1F8DF2EC10FD}.Release|ARM.Build.0 = Release|ARM
		{3A214E06-B95E-4D61-A291-1F8DF2EC10FD}.Release|Win32.ActiveCfg = Release|Win32
		{3A214E06-B95E-4D61-A291-1F8DF2EC10FD}.Release|Win32.Build.0 = Release|Win32
		{3A214E06-B95E-4D61-A291-1F8DF2EC10FD}.Release|x64.ActiveCfg = Release|x64
		{3A214E06-B95E-4D61-A291-1F8DF2EC10FD}.Release|x64.Build.0 = Release|x64
		{3A214E06-B95E-4D61-A291-1F8DF2EC10FD}.Release|x86.ActiveCfg = Release|Win32
		{3A214E06-B95E-4D61-A291-1F8DF2EC10FD}.Release|x86.Build.0 = Release|Win32
		{9C660B0E-B497-4F71-8FAA-F2543A3DF617}.Debug|Any CPU.ActiveCfg = Debug|Win32
		{9C660B0E-B497-4F71-8FAA-F2543A3DF617}.Debug|ARM.ActiveCfg = Debug|ARM
		{9C660B0E-B497-4F71-8FAA-F2543A3DF617}.Debug|ARM.Build.0 = Debug|ARM
		{9C660B0E-B497-4F71-8FAA-F2543A3DF617}.Debug|Win32.ActiveCfg = Debug|Win32
		{9C660B0E-B497-4F71-8FAA-F2543A3DF617}.Debug|Win32.Build.0 = Debug|Win32
		{9C660B0E-B497-4F71-8FAA-F2543A3DF617}.Debug|x64.ActiveCfg = Debug|Win32
		{9C660B0E-B497-4F71-8FAA-F2543A3DF617}.Debug|x86.ActiveCfg = Debug|Win32
		{9C660B0E-B497-4F71-8FAA-F2543A3DF617}.Debug|x86.Build.0 = Debug|Win32
		{9C660B0E-B497-4F71-8FAA-F2543A3DF617}.Release|Any CPU.ActiveCfg = Release|Win32
		{9C660B0E-B497-4F71-8FAA-F2543A3DF617}.Release|ARM.ActiveCfg = Release|ARM
		{9C660B0E-B497-4F71-8FAA-F2543A3DF617}.Release|ARM.Build.0 = Release|ARM
		{9C660B0E-B497-4F71-8FAA-F2543A3DF617}.Release|Win32.ActiveCfg = Release|Win32
		{9C660B0E-B497-4F71-8FAA-F2543A3DF617}.Release|Win32.Build.0 = Release|Win32
		{9C660B0E-B497-4F71-8FAA-F2543A3DF617}.Release|x64.ActiveCfg = Release|Win32
		{9C660B0E-B497-4F71-8FAA-F2543A3DF617}.Release|x86.ActiveCfg = Release|Win32
		{9C660B0E-B497-4F71-8FAA-F2543A3DF617}.Release|x86.Build.0 = Release|Win32
		{653F3841-3F26-49B9-AFCF-091DB4B67031}.Debug|Any CPU.ActiveCfg = Debug|Win32
		{653F3841-3F26-49B9-AFCF-091DB4B67031}.Debug|ARM.ActiveCfg = Debug|ARM
		{653F3841-3F26-49B9-AFCF-091DB4B67031}.Debug|ARM.Build.0 = Debug|ARM
		{653F3841-3F26-49B9-AFCF-091DB4B67031}.Debug|Win32.ActiveCfg = Debug|Win32
		{653F3841-3F26-49B9-AFCF-091DB4B67031}.Debug|Win32.Build.0 = Debug|Win32
		{653F3841-3F26-49B9-AFCF-091DB4B67031}.Debug|x64.ActiveCfg = Debug|x64
		{653F3841-3F26-49B9-AFCF-091DB4B67031}.Debug|x64.Build.0 = Debug|x64
		{653F3841-3F26-49B9-AFCF-091DB4B67031}.Debug|x86.ActiveCfg = Debug|Win32
		{653F3841-3F26-49B9-AFCF-091DB4B67031}.Debug|x86.Build.0 = Debug|Win32
		{653F3841-3F26-49B9-AFCF-091DB4B67031}.Release|Any CPU.ActiveCfg = Release|Win32
		{653F3841-3F26-49B9-AFCF-091DB4B67031}.Release|ARM.ActiveCfg = Release|ARM
		{653F3841-3F26-49B9-AFCF-091DB4B67031}.Release|ARM.Build.0 = Release|ARM
		{653F3841-3F26-49B9-AFCF-091DB4B67031}.Release|Win32.ActiveCfg = Release|Win32
		{653F3841-3F26-49B9-AFCF-091DB4B67031}.Release|Win32.Build.0 = Release|Win32
		{653F3841-3F26-49B9-AFCF-091DB4B67031}.Release|x64.ActiveCfg = Release|x64
		{653F3841-3F26-49B9-AFCF-091DB4B67031}.Release|x64.Build.0 = Release|x64
		{653F3841-3F26-49B9-AFCF-091DB4B67031}.Release|x86.ActiveCfg = Release|Win32
		{653F3841-3F26-49B9-AFCF-091DB4B67031}.Release|x86.Build.0 = Release|Win32
		{CA2978D4-286A-4AAB-94F6-F020F231625C}.Debug|Any CPU.ActiveCfg = Debug|Win32
		{CA2978D4-286A-4AAB-94F6-F020F231625C}.Debug|ARM.ActiveCfg = Debug|ARM
		{CA2978D4-286A-4AAB-94F6-F020F231625C}.Debug|ARM.Build.0 = Debug|ARM
		{CA2978D4-286A-4AAB-94F6-F020F231625C}.Debug|Win32.ActiveCfg = Debug|Win32
		{CA2978D4-286A-4AAB-94F6-F020F231625C}.Debug|Win32.Build.0 = Debug|Win32
		{CA2978D4-286A-4AAB-94F6-F020F231625C}.Debug|x64.ActiveCfg = Debug|Win32
		{CA2978D4-286A-4AAB-94F6-F020F231625C}.Debug|x86.ActiveCfg = Debug|Win32
		{CA2978D4-286A-4AAB-94F6-F020F231625C}.Debug|x86.Build.0 = Debug|Win32
		{CA2978D4-286A-4AAB-94F6-F020F231625C}.Release|Any CPU.ActiveCfg = Release|Win32
		{CA2978D4-286A-4AAB-94F6-F020F231625C}.Release|ARM.ActiveCfg = Release|ARM
		{CA2978D4-286A-4AAB-94F6-F020F231625C}.Release|ARM.Build.0 = Release|ARM
		{CA2978D4-286A-4AAB-94F6-F020F231625C}.Release|Win32.ActiveCfg = Release|Win32
		{CA2978D4-286A-4AAB-94F6-F020F231625C}.Release|Win32.Build.0 = Release|Win32
		{CA2978D4-286A-4AAB-94F6-F020F231625C}.Release|x64.ActiveCfg = Release|Win32
		{CA2978D4-286A-4AAB-94F6-F020F231625C}.Release|x86.ActiveCfg = Release|Win32
		{CA2978D4-286A-4AAB-94F6-F020F231625C}.Release|x86.Build.0 = Release|Win32
		{E1FBE4B1-56AD-4FE0-963E-9A599E842E79}.Debug|Any CPU.ActiveCfg = Debug|Win32
		{E1FBE4B1-56AD-4FE0-963E-9A599E842E79}.Debug|ARM.ActiveCfg = Debug|ARM
		{E1FBE4B1-56AD-4FE0-963E-9A599E842E79}.Debug|ARM.Build.0 = Debug|ARM
		{E1FBE4B1-56AD-4FE0-963E-9A599E842E79}.Debug|Win32.ActiveCfg = Debug|Win32
		{E1FBE4B1-56AD-4FE0-963E-9A599E842E79}.Debug|Win32.Build.0 = Debug|Win32
		{E1FBE4B1-56AD-4FE0-963E-9A599E842E79}.Debug|x64.ActiveCfg = Debug|Win32
		{E1FBE4B1-56AD-4FE0-963E-9A599E842E79}.Debug|x86.ActiveCfg = Debug|Win32
		{E1FBE4B1-56AD-4FE0-963E-9A599E842E79}.Debug|x86.Build.0 = Debug|Win32
		{E1FBE4B1-56AD-4FE0-963E-9A599E842E79}.Release|Any CPU.ActiveCfg = Release|Win32
		{E1FBE4B1-56AD-4FE0-963E-9A599E842E79}.Release|ARM.ActiveCfg = Release|ARM
		{E1FBE4B1-56AD-4FE0-963E-9A599E842E79}.Release|ARM.Build.0 = Release|ARM
		{E1FBE4B1-56AD-4FE0-963E-9A599E842E79}.Release|Win32.ActiveCfg = Release|Win32
		{E1FBE4B1-56AD-4FE0-963E-9A599E842E79}.Release|Win32.Build.0 = Release|Win32
		{E1FBE4B1-56AD-4FE0-963E-9A599E842E79}.Release|x64.ActiveCfg = Release|Win32
		{E1FBE4B1-56AD-4FE0-963E-9A599E842E79}.Release|x86.ActiveCfg = Release|Win32
		{E1FBE4B1-56AD-4FE0-963E-9A599E842E79}.Release|x86.Build.0 = Release|Win32
		{3A463D9E-A4C3-4D7E-BB18-62AD0E55DAAF}.Debug|Any CPU.ActiveCfg = Debug|Win32
		{3A463D9E-A4C3-4D7E-BB18-62AD0E55DAAF}.Debug|ARM.ActiveCfg = Debug|ARM
		{3A463D9E-A4C3-4D7E-BB18-62AD0E55DAAF}.Debug|ARM.Build.0 = Debug|ARM
		{3A463D9E-A4C3-4D7E-BB18-62AD0E55DAAF}.Debug|Win32.ActiveCfg = Debug|Win32
		{3A463D9E-A4C3-4D7E-BB18-62AD0E55DAAF}.Debug|Win32.Build.0 = Debug|Win32
		{3A463D9E-A4C3-4D7E-BB18-62AD0E55DAAF}.Debug|x64.ActiveCfg = Debug|x64
		{3A463D9E-A4C3-4D7E-BB18-62AD0E55DAAF}.Debug|x64.Build.0 = Debug|x64
		{3A463D9E-A4C3-4D7E-BB18-62AD0E55DAAF}.Debug|x86.ActiveCfg = Debug|Win32
		{3A463D9E-A4C3-4D7E-BB18-62AD0E55DAAF}.Debug|x86.Build.0 = Debug|Win32
		{3A463D9E-A4C3-4D7E-BB18-62AD0E55DAAF}.Release|Any CPU.ActiveCfg = Release|Win32
		{3A463D9E-A4C3-4D7E-BB18-62AD0E55DAAF}.Release|ARM.ActiveCfg = Release|ARM
		{3A463D9E-A4C3-4D7E-BB18-62AD0E55DAAF}.Release|ARM.Build.0 = Release|ARM
		{3A463D9E-A4C3-4D7E-BB18-62AD0E55DAAF}.Release|Win32.ActiveCfg = Release|Win32
		{3A463D9E-A4C3-4D7E-BB18-62AD0E55DAAF}.Release|Win32.Build.0 = Release|Win32
		{3A463D9E-A4C3-4D7E-BB18-62AD0E55DAAF}.Release|x64.ActiveCfg = Release|x64
		{3A463D9E-A4C3-4D7E-BB18-62AD0E55DAAF}.Release|x64.Build.0 = Release|x64
		{3A463D9E-A4C3-4D7E-BB18-62AD0E55DAAF}.Release|x86.ActiveCfg = Release|Win32
		{3A463D9E-A4C3-4D7E-BB18-62AD0E55DAAF}.Release|x86.Build.0 = Release|Win32
		{29C85EC4-C331-4B45-8D80-64E0C6AD87C8}.Debug|Any CPU.ActiveCfg = Debug|Win32
		{29C85EC4-C331-4B45-8D80-64E0C6AD87C8}.Debug|ARM.ActiveCfg = Debug|ARM
		{29C85EC4-C331-4B45-8D80-64E0C6AD87C8}.Debug|ARM.Build.0 = Debug|ARM
		{29C85EC4-C331-4B45-8D80-64E0C6AD87C8}.Debug|Win32.ActiveCfg = Debug|Win32
		{29C85EC4-C331-4B45-8D80-64E0C6AD87C8}.Debug|Win32.Build.0 = Debug|Win32
		{29C85EC4-C331-4B45-8D80-64E0C6AD87C8}.Debug|x64.ActiveCfg = Debug|Win32
		{29C85EC4-C331-4B45-8D80-64E0C6AD87C8}.Debug|x86.ActiveCfg = Debug|Win32
		{29C85EC4-C331-4B45-8D80-64E0C6AD87C8}.Debug|x86.Build.0 = Debug|Win32
		{29C85EC4-C331-4B45-8D80-64E0C6AD87C8}.Release|Any CPU.ActiveCfg = Release|Win32
		{29C85EC4-C331-4B45-8D80-64E0C6AD87C8}.Release|ARM.ActiveCfg = Release|ARM
		{29C85EC4-C331-4B45-8D80-64E0C6AD87C8}.Release|ARM.Build.0 = Release|ARM
		{29C85EC4-C331-4B45-8D80-64E0C6AD87C8}.Release|Win32.ActiveCfg = Release|Win32
		{29C85EC4-C331-4B45-8D80-64E0C6AD87C8}.Release|Win32.Build.0 = Release|Win32
		{29C85EC4-C331-4B45-8D80-64E0C6AD87C8}.Release|x64.ActiveCfg = Release|Win32
		{29C85EC4-C331-4B45-8D80-64E0C6AD87C8}.Release|x86.ActiveCfg = Release|Win32
		{29C85EC4-C331-4B45-8D80-64E0C6AD87C8}.Release|x86.Build.0 = Release|Win32
		{D2A58065-FCDE-43DF-A73A-C2C2EF1F6848}.Debug|Any CPU.ActiveCfg = Debug|Any CPU
		{D2A58065-FCDE-43DF-A73A-C2C2EF1F6848}.Debug|Any CPU.Build.0 = Debug|Any CPU
		{D2A58065-FCDE-43DF-A73A-C2C2EF1F6848}.Debug|Any CPU.Deploy.0 = Debug|Any CPU
		{D2A58065-FCDE-43DF-A73A-C2C2EF1F6848}.Debug|ARM.ActiveCfg = Debug|ARM
		{D2A58065-FCDE-43DF-A73A-C2C2EF1F6848}.Debug|ARM.Build.0 = Debug|ARM
		{D2A58065-FCDE-43DF-A73A-C2C2EF1F6848}.Debug|ARM.Deploy.0 = Debug|ARM
		{D2A58065-FCDE-43DF-A73A-C2C2EF1F6848}.Debug|Win32.ActiveCfg = Debug|x86
		{D2A58065-FCDE-43DF-A73A-C2C2EF1F6848}.Debug|Win32.Build.0 = Debug|x86
		{D2A58065-FCDE-43DF-A73A-C2C2EF1F6848}.Debug|Win32.Deploy.0 = Debug|x86
		{D2A58065-FCDE-43DF-A73A-C2C2EF1F6848}.Debug|x64.ActiveCfg = Debug|x64
		{D2A58065-FCDE-43DF-A73A-C2C2EF1F6848}.Debug|x64.Build.0 = Debug|x64
		{D2A58065-FCDE-43DF-A73A-C2C2EF1F6848}.Debug|x64.Deploy.0 = Debug|x64
		{D2A58065-FCDE-43DF-A73A-C2C2EF1F6848}.Debug|x86.ActiveCfg = Debug|x86
		{D2A58065-FCDE-43DF-A73A-C2C2EF1F6848}.Debug|x86.Build.0 = Debug|x86
		{D2A58065-FCDE-43DF-A73A-C2C2EF1F6848}.Debug|x86.Deploy.0 = Debug|x86
		{D2A58065-FCDE-43DF-A73A-C2C2EF1F6848}.Release|Any CPU.ActiveCfg = Release|Any CPU
		{D2A58065-FCDE-43DF-A73A-C2C2EF1F6848}.Release|Any CPU.Build.0 = Release|Any CPU
		{D2A58065-FCDE-43DF-A73A-C2C2EF1F6848}.Release|Any CPU.Deploy.0 = Release|Any CPU
		{D2A58065-FCDE-43DF-A73A-C2C2EF1F6848}.Release|ARM.ActiveCfg = Release|ARM
		{D2A58065-FCDE-43DF-A73A-C2C2EF1F6848}.Release|ARM.Build.0 = Release|ARM
		{D2A58065-FCDE-43DF-A73A-C2C2EF1F6848}.Release|ARM.Deploy.0 = Release|ARM
		{D2A58065-FCDE-43DF-A73A-C2C2EF1F6848}.Release|Win32.ActiveCfg = Release|x86
		{D2A58065-FCDE-43DF-A73A-C2C2EF1F6848}.Release|Win32.Build.0 = Release|x86
		{D2A58065-FCDE-43DF-A73A-C2C2EF1F6848}.Release|Win32.Deploy.0 = Release|x86
		{D2A58065-FCDE-43DF-A73A-C2C2EF1F6848}.Release|x64.ActiveCfg = Release|x64
		{D2A58065-FCDE-43DF-A73A-C2C2EF1F6848}.Release|x64.Build.0 = Release|x64
		{D2A58065-FCDE-43DF-A73A-C2C2EF1F6848}.Release|x64.Deploy.0 = Release|x64
		{D2A58065-FCDE-43DF-A73A-C2C2EF1F6848}.Release|x86.ActiveCfg = Release|x86
		{D2A58065-FCDE-43DF-A73A-C2C2EF1F6848}.Release|x86.Build.0 = Release|x86
		{D2A58065-FCDE-43DF-A73A-C2C2EF1F6848}.Release|x86.Deploy.0 = Release|x86
		{8C362C66-5D90-44D8-910F-F979EE93ED89}.Debug|Any CPU.ActiveCfg = Debug|Any CPU
		{8C362C66-5D90-44D8-910F-F979EE93ED89}.Debug|Any CPU.Build.0 = Debug|Any CPU
		{8C362C66-5D90-44D8-910F-F979EE93ED89}.Debug|Any CPU.Deploy.0 = Debug|Any CPU
		{8C362C66-5D90-44D8-910F-F979EE93ED89}.Debug|ARM.ActiveCfg = Debug|ARM
		{8C362C66-5D90-44D8-910F-F979EE93ED89}.Debug|ARM.Build.0 = Debug|ARM
		{8C362C66-5D90-44D8-910F-F979EE93ED89}.Debug|ARM.Deploy.0 = Debug|ARM
		{8C362C66-5D90-44D8-910F-F979EE93ED89}.Debug|Win32.ActiveCfg = Debug|x86
		{8C362C66-5D90-44D8-910F-F979EE93ED89}.Debug|Win32.Build.0 = Debug|x86
		{8C362C66-5D90-44D8-910F-F979EE93ED89}.Debug|Win32.Deploy.0 = Debug|x86
		{8C362C66-5D90-44D8-910F-F979EE93ED89}.Debug|x64.ActiveCfg = Debug|Any CPU
		{8C362C66-5D90-44D8-910F-F979EE93ED89}.Debug|x86.ActiveCfg = Debug|x86
		{8C362C66-5D90-44D8-910F-F979EE93ED89}.Debug|x86.Build.0 = Debug|x86
		{8C362C66-5D90-44D8-910F-F979EE93ED89}.Debug|x86.Deploy.0 = Debug|x86
		{8C362C66-5D90-44D8-910F-F979EE93ED89}.Release|Any CPU.ActiveCfg = Release|Any CPU
		{8C362C66-5D90-44D8-910F-F979EE93ED89}.Release|Any CPU.Build.0 = Release|Any CPU
		{8C362C66-5D90-44D8-910F-F979EE93ED89}.Release|Any CPU.Deploy.0 = Release|Any CPU
		{8C362C66-5D90-44D8-910F-F979EE93ED89}.Release|ARM.ActiveCfg = Release|ARM
		{8C362C66-5D90-44D8-910F-F979EE93ED89}.Release|ARM.Build.0 = Release|ARM
		{8C362C66-5D90-44D8-910F-F979EE93ED89}.Release|ARM.Deploy.0 = Release|ARM
		{8C362C66-5D90-44D8-910F-F979EE93ED89}.Release|Win32.ActiveCfg = Release|x86
		{8C362C66-5D90-44D8-910F-F979EE93ED89}.Release|Win32.Build.0 = Release|x86
		{8C362C66-5D90-44D8-910F-F979EE93ED89}.Release|Win32.Deploy.0 = Release|x86
		{8C362C66-5D90-44D8-910F-F979EE93ED89}.Release|x64.ActiveCfg = Release|Any CPU
		{8C362C66-5D90-44D8-910F-F979EE93ED89}.Release|x86.ActiveCfg = Release|x86
		{8C362C66-5D90-44D8-910F-F979EE93ED89}.Release|x86.Build.0 = Release|x86
		{8C362C66-5D90-44D8-910F-F979EE93ED89}.Release|x86.Deploy.0 = Release|x86
	EndGlobalSection
	GlobalSection(SolutionProperties) = preSolution
		HideSolutionNode = FALSE
	EndGlobalSection
	GlobalSection(NestedProjects) = preSolution
		{1C2C119E-85A0-4A6D-A613-B692C2138DCE} = {67EF0FFA-F44E-4932-AED3-2D49B7FB6513}
		{0F9AC104-46A7-4CB3-832F-E140CFC3DB00} = {67EF0FFA-F44E-4932-AED3-2D49B7FB6513}
		{BAE17AF7-FC01-4879-B028-CC012774B68B} = {67EF0FFA-F44E-4932-AED3-2D49B7FB6513}
		{15CBFEFF-7965-41F5-B4E2-21E8795C9159} = {CFF6A4E0-F704-4547-A9DA-6027251D4982}
		{3A214E06-B95E-4D61-A291-1F8DF2EC10FD} = {CFF6A4E0-F704-4547-A9DA-6027251D4982}
		{9C660B0E-B497-4F71-8FAA-F2543A3DF617} = {CFF6A4E0-F704-4547-A9DA-6027251D4982}
		{653F3841-3F26-49B9-AFCF-091DB4B67031} = {CFF6A4E0-F704-4547-A9DA-6027251D4982}
		{CA2978D4-286A-4AAB-94F6-F020F231625C} = {CFF6A4E0-F704-4547-A9DA-6027251D4982}
		{E1FBE4B1-56AD-4FE0-963E-9A599E842E79} = {CFF6A4E0-F704-4547-A9DA-6027251D4982}
		{EC6BDD17-88BC-4886-8C0B-30A4EBAA1D02} = {032EEA00-F5C1-415D-9FFC-214A16F9345A}
		{3A463D9E-A4C3-4D7E-BB18-62AD0E55DAAF} = {032EEA00-F5C1-415D-9FFC-214A16F9345A}
		{29C85EC4-C331-4B45-8D80-64E0C6AD87C8} = {032EEA00-F5C1-415D-9FFC-214A16F9345A}
		{A6BDC376-0CFB-4C2E-9B0D-FCE439B5B20B} = {EB5EACC3-CD48-49C8-A9C5-0DEC7DD96B9B}
		{D2A58065-FCDE-43DF-A73A-C2C2EF1F6848} = {EB5EACC3-CD48-49C8-A9C5-0DEC7DD96B9B}
		{8C362C66-5D90-44D8-910F-F979EE93ED89} = {EB5EACC3-CD48-49C8-A9C5-0DEC7DD96B9B}
	EndGlobalSection
EndGlobal
